
Microsoft Visual Studio Solution File, Format Version 12.00
# Visual Studio 15
VisualStudioVersion = 15.0.26730.16
MinimumVisualStudioVersion = 10.0.40219.1
Project("{FAE04EC0-301F-11D3-BF4B-00C04F79EFBC}") = "bellugg_encrypt", "bellugg_encrypt\bellugg_encrypt.csproj", "{82AD5E0E-E3FD-47CF-B9A7-E1CA1E0F63C2}"
EndProject
Global
	GlobalSection(SolutionConfigurationPlatforms) = preSolution
		Debug|Any CPU = Debug|Any CPU
		Release|Any CPU = Release|Any CPU
	EndGlobalSection
	GlobalSection(ProjectConfigurationPlatforms) = postSolution
		{82AD5E0E-E3FD-47CF-B9A7-E1CA1E0F63C2}.Debug|Any CPU.ActiveCfg = Debug|Any CPU
		{82AD5E0E-E3FD-47CF-B9A7-E1CA1E0F63C2}.Debug|Any CPU.Build.0 = Debug|Any CPU
		{82AD5E0E-E3FD-47CF-B9A7-E1CA1E0F63C2}.Release|Any CPU.ActiveCfg = Release|Any CPU
		{82AD5E0E-E3FD-47CF-B9A7-E1CA1E0F63C2}.Release|Any CPU.Build.0 = Release|Any CPU
	EndGlobalSection
	GlobalSection(SolutionProperties) = preSolution
		HideSolutionNode = FALSE
	EndGlobalSection
	GlobalSection(ExtensibilityGlobals) = postSolution
		SolutionGuid = {CC66B194-8185-49E4-8F2A-0D27EABC01B4}
	EndGlobalSection
EndGlobal
